
Microsoft Visual Studio Solution File, Format Version 12.00
# Visual Studio Version 17
VisualStudioVersion = 17.2.32526.322
MinimumVisualStudioVersion = 10.0.40219.1
Project("{FAE04EC0-301F-11D3-BF4B-00C04F79EFBC}") = "DataStructuresandAlgorithms", "DataStructuresandAlgorithms\DataStructuresandAlgorithms.csproj", "{735B0E00-B0C7-41BD-B35B-A088F83CB4C0}"
EndProject
Global
	GlobalSection(SolutionConfigurationPlatforms) = preSolution
		Debug|Any CPU = Debug|Any CPU
		Release|Any CPU = Release|Any CPU
	EndGlobalSection
	GlobalSection(ProjectConfigurationPlatforms) = postSolution
		{735B0E00-B0C7-41BD-B35B-A088F83CB4C0}.Debug|Any CPU.ActiveCfg = Debug|Any CPU
		{735B0E00-B0C7-41BD-B35B-A088F83CB4C0}.Debug|Any CPU.Build.0 = Debug|Any CPU
		{735B0E00-B0C7-41BD-B35B-A088F83CB4C0}.Release|Any CPU.ActiveCfg = Release|Any CPU
		{735B0E00-B0C7-41BD-B35B-A088F83CB4C0}.Release|Any CPU.Build.0 = Release|Any CPU
	EndGlobalSection
	GlobalSection(SolutionProperties) = preSolution
		HideSolutionNode = FALSE
	EndGlobalSection
	GlobalSection(ExtensibilityGlobals) = postSolution
		SolutionGuid = {62405A8A-EF0E-454B-B57C-81DBEF23F16A}
	EndGlobalSection
EndGlobal
