
Microsoft Visual Studio Solution File, Format Version 12.00
# Visual Studio Version 17
VisualStudioVersion = 17.2.32526.322
MinimumVisualStudioVersion = 10.0.40219.1
Project("{FAE04EC0-301F-11D3-BF4B-00C04F79EFBC}") = "ConsonantVowel", "ConsonantVowel\ConsonantVowel.csproj", "{FDFBC252-A4E6-42DB-BF9D-63795E4BC6EF}"
EndProject
Global
	GlobalSection(SolutionConfigurationPlatforms) = preSolution
		Debug|Any CPU = Debug|Any CPU
		Release|Any CPU = Release|Any CPU
	EndGlobalSection
	GlobalSection(ProjectConfigurationPlatforms) = postSolution
		{FDFBC252-A4E6-42DB-BF9D-63795E4BC6EF}.Debug|Any CPU.ActiveCfg = Debug|Any CPU
		{FDFBC252-A4E6-42DB-BF9D-63795E4BC6EF}.Debug|Any CPU.Build.0 = Debug|Any CPU
		{FDFBC252-A4E6-42DB-BF9D-63795E4BC6EF}.Release|Any CPU.ActiveCfg = Release|Any CPU
		{FDFBC252-A4E6-42DB-BF9D-63795E4BC6EF}.Release|Any CPU.Build.0 = Release|Any CPU
	EndGlobalSection
	GlobalSection(SolutionProperties) = preSolution
		HideSolutionNode = FALSE
	EndGlobalSection
	GlobalSection(ExtensibilityGlobals) = postSolution
		SolutionGuid = {EF4E38DB-6A6E-45FC-8E46-72BF16E31680}
	EndGlobalSection
EndGlobal
