
Microsoft Visual Studio Solution File, Format Version 12.00
# Visual Studio Version 17
VisualStudioVersion = 17.2.32526.322
MinimumVisualStudioVersion = 10.0.40219.1
Project("{FAE04EC0-301F-11D3-BF4B-00C04F79EFBC}") = "BasicProblems", "BasicProblems\BasicProblems.csproj", "{017A5FA3-CA82-486D-B64D-0FA12E3FA63C}"
EndProject
Global
	GlobalSection(SolutionConfigurationPlatforms) = preSolution
		Debug|Any CPU = Debug|Any CPU
		Release|Any CPU = Release|Any CPU
	EndGlobalSection
	GlobalSection(ProjectConfigurationPlatforms) = postSolution
		{017A5FA3-CA82-486D-B64D-0FA12E3FA63C}.Debug|Any CPU.ActiveCfg = Debug|Any CPU
		{017A5FA3-CA82-486D-B64D-0FA12E3FA63C}.Debug|Any CPU.Build.0 = Debug|Any CPU
		{017A5FA3-CA82-486D-B64D-0FA12E3FA63C}.Release|Any CPU.ActiveCfg = Release|Any CPU
		{017A5FA3-CA82-486D-B64D-0FA12E3FA63C}.Release|Any CPU.Build.0 = Release|Any CPU
	EndGlobalSection
	GlobalSection(SolutionProperties) = preSolution
		HideSolutionNode = FALSE
	EndGlobalSection
	GlobalSection(ExtensibilityGlobals) = postSolution
		SolutionGuid = {DB843863-8C14-4137-8839-69C38AD9826F}
	EndGlobalSection
EndGlobal
